
Microsoft Visual Studio Solution File, Format Version 12.00
# Visual Studio Version 17
VisualStudioVersion = 17.5.33627.172
MinimumVisualStudioVersion = 10.0.40219.1
Project("{FAE04EC0-301F-11D3-BF4B-00C04F79EFBC}") = "Day16_17_AlgorithmProb", "Day16_17_AlgorithmProb\Day16_17_AlgorithmProb.csproj", "{364D402E-ADC2-42EB-A238-1BD2213C9B47}"
EndProject
Global
	GlobalSection(SolutionConfigurationPlatforms) = preSolution
		Debug|Any CPU = Debug|Any CPU
		Release|Any CPU = Release|Any CPU
	EndGlobalSection
	GlobalSection(ProjectConfigurationPlatforms) = postSolution
		{364D402E-ADC2-42EB-A238-1BD2213C9B47}.Debug|Any CPU.ActiveCfg = Debug|Any CPU
		{364D402E-ADC2-42EB-A238-1BD2213C9B47}.Debug|Any CPU.Build.0 = Debug|Any CPU
		{364D402E-ADC2-42EB-A238-1BD2213C9B47}.Release|Any CPU.ActiveCfg = Release|Any CPU
		{364D402E-ADC2-42EB-A238-1BD2213C9B47}.Release|Any CPU.Build.0 = Release|Any CPU
	EndGlobalSection
	GlobalSection(SolutionProperties) = preSolution
		HideSolutionNode = FALSE
	EndGlobalSection
	GlobalSection(ExtensibilityGlobals) = postSolution
		SolutionGuid = {5E2C6B98-8034-4E1D-A598-E8CB00811DB7}
	EndGlobalSection
EndGlobal
